
Microsoft Visual Studio Solution File, Format Version 12.00
# Visual Studio Version 17
VisualStudioVersion = 17.5.33516.290
MinimumVisualStudioVersion = 10.0.40219.1
Project("{FAE04EC0-301F-11D3-BF4B-00C04F79EFBC}") = "Device_Shop", "Device_Shop.csproj", "{4B85CA2D-3E42-41DC-92FB-502765A0AFCB}"
EndProject
Global
	GlobalSection(SolutionConfigurationPlatforms) = preSolution
		Debug|Any CPU = Debug|Any CPU
		Release|Any CPU = Release|Any CPU
	EndGlobalSection
	GlobalSection(ProjectConfigurationPlatforms) = postSolution
		{4B85CA2D-3E42-41DC-92FB-502765A0AFCB}.Debug|Any CPU.ActiveCfg = Debug|Any CPU
		{4B85CA2D-3E42-41DC-92FB-502765A0AFCB}.Debug|Any CPU.Build.0 = Debug|Any CPU
		{4B85CA2D-3E42-41DC-92FB-502765A0AFCB}.Release|Any CPU.ActiveCfg = Release|Any CPU
		{4B85CA2D-3E42-41DC-92FB-502765A0AFCB}.Release|Any CPU.Build.0 = Release|Any CPU
	EndGlobalSection
	GlobalSection(SolutionProperties) = preSolution
		HideSolutionNode = FALSE
	EndGlobalSection
	GlobalSection(ExtensibilityGlobals) = postSolution
		SolutionGuid = {7F869D89-B8B4-4539-9645-94381E3EF7AA}
	EndGlobalSection
EndGlobal
